
Microsoft Visual Studio Solution File, Format Version 12.00
# Visual Studio Version 17
VisualStudioVersion = 17.0.31903.59
MinimumVisualStudioVersion = 10.0.40219.1
Project("{2150E333-8FDC-42A3-9474-1A3956D46DE8}") = "src", "src", "{827E0CD3-B72D-47B6-A68D-7590B98EB39B}"
EndProject
Project("{FAE04EC0-301F-11D3-BF4B-00C04F79EFBC}") = "123Vendas.Api", "src\123Vendas.Api\123Vendas.Api.csproj", "{040CB06B-2D96-434D-9FB2-62AD5F554659}"
EndProject
Project("{FAE04EC0-301F-11D3-BF4B-00C04F79EFBC}") = "123Vendas.Shared", "src\123Vendas.Shared\123Vendas.Shared.csproj", "{9D7FF43C-C86F-456E-84C3-527582D229D9}"
EndProject
Project("{2150E333-8FDC-42A3-9474-1A3956D46DE8}") = "Modules", "Modules", "{EC447DCF-ABFA-6E24-52A5-D7FD48A5C558}"
EndProject
Project("{2150E333-8FDC-42A3-9474-1A3956D46DE8}") = "Venda", "Venda", "{30892F2A-BE71-0631-DCFF-369E0EB28C5A}"
EndProject
Project("{FAE04EC0-301F-11D3-BF4B-00C04F79EFBC}") = "Venda.Domain", "src\Modules\Venda\Venda.Domain\Venda.Domain.csproj", "{1EDAAA74-7FDE-4676-832F-281075D087CA}"
EndProject
Project("{FAE04EC0-301F-11D3-BF4B-00C04F79EFBC}") = "Venda.Application", "src\Modules\Venda\Venda.Application\Venda.Application.csproj", "{9D19EDE8-B8A2-434E-8831-9BA39A01A5ED}"
EndProject
Project("{FAE04EC0-301F-11D3-BF4B-00C04F79EFBC}") = "Venda.Infrastructure", "src\Modules\Venda\Venda.Infrastructure\Venda.Infrastructure.csproj", "{98FBD861-497B-457E-A177-B83F924FE55E}"
EndProject
Project("{2150E333-8FDC-42A3-9474-1A3956D46DE8}") = "Estoque", "Estoque", "{FF08843D-E67F-5F21-4F42-4F69E9A34A9F}"
EndProject
Project("{FAE04EC0-301F-11D3-BF4B-00C04F79EFBC}") = "Estoque.Application", "src\Modules\Estoque\Estoque.Application\Estoque.Application.csproj", "{19A7C528-0783-44F2-8CDD-E6BDAC3ED83E}"
EndProject
Project("{2150E333-8FDC-42A3-9474-1A3956D46DE8}") = "CRM", "CRM", "{B6C90F2A-E018-AF2F-3C7C-8D4CE61C2669}"
EndProject
Project("{FAE04EC0-301F-11D3-BF4B-00C04F79EFBC}") = "CRM.Application", "src\Modules\CRM\CRM.Application\CRM.Application.csproj", "{535C550B-4FB9-45E4-B4B6-6AE296F95E05}"
EndProject
Project("{2150E333-8FDC-42A3-9474-1A3956D46DE8}") = "tests", "tests", "{0AB3BF05-4346-4AA6-1389-037BE0695223}"
EndProject
Project("{FAE04EC0-301F-11D3-BF4B-00C04F79EFBC}") = "Venda.Domain.Tests", "tests\Venda.Domain.Tests\Venda.Domain.Tests.csproj", "{DA86C1D4-7D8B-4674-858F-59E0EBD8A9C7}"
EndProject
Project("{FAE04EC0-301F-11D3-BF4B-00C04F79EFBC}") = "Venda.Application.Tests", "tests\Venda.Application.Tests\Venda.Application.Tests.csproj", "{BBA51A93-5873-4156-BA67-42CDCB27FD40}"
EndProject
Project("{FAE04EC0-301F-11D3-BF4B-00C04F79EFBC}") = "Venda.Integration.Tests", "tests\Venda.Integration.Tests\Venda.Integration.Tests.csproj", "{EBE9F15C-8C42-4DB7-954E-F637BACDA919}"
EndProject
Project("{FAE04EC0-301F-11D3-BF4B-00C04F79EFBC}") = "Shared.Tests", "tests\Shared.Tests\Shared.Tests.csproj", "{FCA50908-61FB-4A82-B40E-5AB46F0B2D00}"
EndProject
Project("{FAE04EC0-301F-11D3-BF4B-00C04F79EFBC}") = "123Vendas.Demo", "src\123Vendas.Demo\123Vendas.Demo.csproj", "{BDC43453-E48D-4536-B779-1B2EAA924D7F}"
EndProject
Project("{FAE04EC0-301F-11D3-BF4B-00C04F79EFBC}") = "Venda.Infrastructure.Tests", "tests\Venda.Infrastructure.Tests\Venda.Infrastructure.Tests.csproj", "{35D82E7B-44BD-108E-9A03-D98CF419E66E}"
EndProject
Project("{FAE04EC0-301F-11D3-BF4B-00C04F79EFBC}") = "123Vendas.Api.Tests", "tests\123Vendas.Api.Tests\123Vendas.Api.Tests.csproj", "{103E19A7-DF1C-4FE9-BB0A-AB4344F9D832}"
EndProject
Global
	GlobalSection(SolutionConfigurationPlatforms) = preSolution
		Debug|Any CPU = Debug|Any CPU
		Debug|x64 = Debug|x64
		Debug|x86 = Debug|x86
		Release|Any CPU = Release|Any CPU
		Release|x64 = Release|x64
		Release|x86 = Release|x86
	EndGlobalSection
	GlobalSection(ProjectConfigurationPlatforms) = postSolution
		{040CB06B-2D96-434D-9FB2-62AD5F554659}.Debug|Any CPU.ActiveCfg = Debug|Any CPU
		{040CB06B-2D96-434D-9FB2-62AD5F554659}.Debug|Any CPU.Build.0 = Debug|Any CPU
		{040CB06B-2D96-434D-9FB2-62AD5F554659}.Debug|x64.ActiveCfg = Debug|Any CPU
		{040CB06B-2D96-434D-9FB2-62AD5F554659}.Debug|x64.Build.0 = Debug|Any CPU
		{040CB06B-2D96-434D-9FB2-62AD5F554659}.Debug|x86.ActiveCfg = Debug|Any CPU
		{040CB06B-2D96-434D-9FB2-62AD5F554659}.Debug|x86.Build.0 = Debug|Any CPU
		{040CB06B-2D96-434D-9FB2-62AD5F554659}.Release|Any CPU.ActiveCfg = Release|Any CPU
		{040CB06B-2D96-434D-9FB2-62AD5F554659}.Release|Any CPU.Build.0 = Release|Any CPU
		{040CB06B-2D96-434D-9FB2-62AD5F554659}.Release|x64.ActiveCfg = Release|Any CPU
		{040CB06B-2D96-434D-9FB2-62AD5F554659}.Release|x64.Build.0 = Release|Any CPU
		{040CB06B-2D96-434D-9FB2-62AD5F554659}.Release|x86.ActiveCfg = Release|Any CPU
		{040CB06B-2D96-434D-9FB2-62AD5F554659}.Release|x86.Build.0 = Release|Any CPU
		{9D7FF43C-C86F-456E-84C3-527582D229D9}.Debug|Any CPU.ActiveCfg = Debug|Any CPU
		{9D7FF43C-C86F-456E-84C3-527582D229D9}.Debug|Any CPU.Build.0 = Debug|Any CPU
		{9D7FF43C-C86F-456E-84C3-527582D229D9}.Debug|x64.ActiveCfg = Debug|Any CPU
		{9D7FF43C-C86F-456E-84C3-527582D229D9}.Debug|x64.Build.0 = Debug|Any CPU
		{9D7FF43C-C86F-456E-84C3-527582D229D9}.Debug|x86.ActiveCfg = Debug|Any CPU
		{9D7FF43C-C86F-456E-84C3-527582D229D9}.Debug|x86.Build.0 = Debug|Any CPU
		{9D7FF43C-C86F-456E-84C3-527582D229D9}.Release|Any CPU.ActiveCfg = Release|Any CPU
		{9D7FF43C-C86F-456E-84C3-527582D229D9}.Release|Any CPU.Build.0 = Release|Any CPU
		{9D7FF43C-C86F-456E-84C3-527582D229D9}.Release|x64.ActiveCfg = Release|Any CPU
		{9D7FF43C-C86F-456E-84C3-527582D229D9}.Release|x64.Build.0 = Release|Any CPU
		{9D7FF43C-C86F-456E-84C3-527582D229D9}.Release|x86.ActiveCfg = Release|Any CPU
		{9D7FF43C-C86F-456E-84C3-527582D229D9}.Release|x86.Build.0 = Release|Any CPU
		{1EDAAA74-7FDE-4676-832F-281075D087CA}.Debug|Any CPU.ActiveCfg = Debug|Any CPU
		{1EDAAA74-7FDE-4676-832F-281075D087CA}.Debug|Any CPU.Build.0 = Debug|Any CPU
		{1EDAAA74-7FDE-4676-832F-281075D087CA}.Debug|x64.ActiveCfg = Debug|Any CPU
		{1EDAAA74-7FDE-4676-832F-281075D087CA}.Debug|x64.Build.0 = Debug|Any CPU
		{1EDAAA74-7FDE-4676-832F-281075D087CA}.Debug|x86.ActiveCfg = Debug|Any CPU
		{1EDAAA74-7FDE-4676-832F-281075D087CA}.Debug|x86.Build.0 = Debug|Any CPU
		{1EDAAA74-7FDE-4676-832F-281075D087CA}.Release|Any CPU.ActiveCfg = Release|Any CPU
		{1EDAAA74-7FDE-4676-832F-281075D087CA}.Release|Any CPU.Build.0 = Release|Any CPU
		{1EDAAA74-7FDE-4676-832F-281075D087CA}.Release|x64.ActiveCfg = Release|Any CPU
		{1EDAAA74-7FDE-4676-832F-281075D087CA}.Release|x64.Build.0 = Release|Any CPU
		{1EDAAA74-7FDE-4676-832F-281075D087CA}.Release|x86.ActiveCfg = Release|Any CPU
		{1EDAAA74-7FDE-4676-832F-281075D087CA}.Release|x86.Build.0 = Release|Any CPU
		{9D19EDE8-B8A2-434E-8831-9BA39A01A5ED}.Debug|Any CPU.ActiveCfg = Debug|Any CPU
		{9D19EDE8-B8A2-434E-8831-9BA39A01A5ED}.Debug|Any CPU.Build.0 = Debug|Any CPU
		{9D19EDE8-B8A2-434E-8831-9BA39A01A5ED}.Debug|x64.ActiveCfg = Debug|Any CPU
		{9D19EDE8-B8A2-434E-8831-9BA39A01A5ED}.Debug|x64.Build.0 = Debug|Any CPU
		{9D19EDE8-B8A2-434E-8831-9BA39A01A5ED}.Debug|x86.ActiveCfg = Debug|Any CPU
		{9D19EDE8-B8A2-434E-8831-9BA39A01A5ED}.Debug|x86.Build.0 = Debug|Any CPU
		{9D19EDE8-B8A2-434E-8831-9BA39A01A5ED}.Release|Any CPU.ActiveCfg = Release|Any CPU
		{9D19EDE8-B8A2-434E-8831-9BA39A01A5ED}.Release|Any CPU.Build.0 = Release|Any CPU
		{9D19EDE8-B8A2-434E-8831-9BA39A01A5ED}.Release|x64.ActiveCfg = Release|Any CPU
		{9D19EDE8-B8A2-434E-8831-9BA39A01A5ED}.Release|x64.Build.0 = Release|Any CPU
		{9D19EDE8-B8A2-434E-8831-9BA39A01A5ED}.Release|x86.ActiveCfg = Release|Any CPU
		{9D19EDE8-B8A2-434E-8831-9BA39A01A5ED}.Release|x86.Build.0 = Release|Any CPU
		{98FBD861-497B-457E-A177-B83F924FE55E}.Debug|Any CPU.ActiveCfg = Debug|Any CPU
		{98FBD861-497B-457E-A177-B83F924FE55E}.Debug|Any CPU.Build.0 = Debug|Any CPU
		{98FBD861-497B-457E-A177-B83F924FE55E}.Debug|x64.ActiveCfg = Debug|Any CPU
		{98FBD861-497B-457E-A177-B83F924FE55E}.Debug|x64.Build.0 = Debug|Any CPU
		{98FBD861-497B-457E-A177-B83F924FE55E}.Debug|x86.ActiveCfg = Debug|Any CPU
		{98FBD861-497B-457E-A177-B83F924FE55E}.Debug|x86.Build.0 = Debug|Any CPU
		{98FBD861-497B-457E-A177-B83F924FE55E}.Release|Any CPU.ActiveCfg = Release|Any CPU
		{98FBD861-497B-457E-A177-B83F924FE55E}.Release|Any CPU.Build.0 = Release|Any CPU
		{98FBD861-497B-457E-A177-B83F924FE55E}.Release|x64.ActiveCfg = Release|Any CPU
		{98FBD861-497B-457E-A177-B83F924FE55E}.Release|x64.Build.0 = Release|Any CPU
		{98FBD861-497B-457E-A177-B83F924FE55E}.Release|x86.ActiveCfg = Release|Any CPU
		{98FBD861-497B-457E-A177-B83F924FE55E}.Release|x86.Build.0 = Release|Any CPU
		{19A7C528-0783-44F2-8CDD-E6BDAC3ED83E}.Debug|Any CPU.ActiveCfg = Debug|Any CPU
		{19A7C528-0783-44F2-8CDD-E6BDAC3ED83E}.Debug|Any CPU.Build.0 = Debug|Any CPU
		{19A7C528-0783-44F2-8CDD-E6BDAC3ED83E}.Debug|x64.ActiveCfg = Debug|Any CPU
		{19A7C528-0783-44F2-8CDD-E6BDAC3ED83E}.Debug|x64.Build.0 = Debug|Any CPU
		{19A7C528-0783-44F2-8CDD-E6BDAC3ED83E}.Debug|x86.ActiveCfg = Debug|Any CPU
		{19A7C528-0783-44F2-8CDD-E6BDAC3ED83E}.Debug|x86.Build.0 = Debug|Any CPU
		{19A7C528-0783-44F2-8CDD-E6BDAC3ED83E}.Release|Any CPU.ActiveCfg = Release|Any CPU
		{19A7C528-0783-44F2-8CDD-E6BDAC3ED83E}.Release|Any CPU.Build.0 = Release|Any CPU
		{19A7C528-0783-44F2-8CDD-E6BDAC3ED83E}.Release|x64.ActiveCfg = Release|Any CPU
		{19A7C528-0783-44F2-8CDD-E6BDAC3ED83E}.Release|x64.Build.0 = Release|Any CPU
		{19A7C528-0783-44F2-8CDD-E6BDAC3ED83E}.Release|x86.ActiveCfg = Release|Any CPU
		{19A7C528-0783-44F2-8CDD-E6BDAC3ED83E}.Release|x86.Build.0 = Release|Any CPU
		{535C550B-4FB9-45E4-B4B6-6AE296F95E05}.Debug|Any CPU.ActiveCfg = Debug|Any CPU
		{535C550B-4FB9-45E4-B4B6-6AE296F95E05}.Debug|Any CPU.Build.0 = Debug|Any CPU
		{535C550B-4FB9-45E4-B4B6-6AE296F95E05}.Debug|x64.ActiveCfg = Debug|Any CPU
		{535C550B-4FB9-45E4-B4B6-6AE296F95E05}.Debug|x64.Build.0 = Debug|Any CPU
		{535C550B-4FB9-45E4-B4B6-6AE296F95E05}.Debug|x86.ActiveCfg = Debug|Any CPU
		{535C550B-4FB9-45E4-B4B6-6AE296F95E05}.Debug|x86.Build.0 = Debug|Any CPU
		{535C550B-4FB9-45E4-B4B6-6AE296F95E05}.Release|Any CPU.ActiveCfg = Release|Any CPU
		{535C550B-4FB9-45E4-B4B6-6AE296F95E05}.Release|Any CPU.Build.0 = Release|Any CPU
		{535C550B-4FB9-45E4-B4B6-6AE296F95E05}.Release|x64.ActiveCfg = Release|Any CPU
		{535C550B-4FB9-45E4-B4B6-6AE296F95E05}.Release|x64.Build.0 = Release|Any CPU
		{535C550B-4FB9-45E4-B4B6-6AE296F95E05}.Release|x86.ActiveCfg = Release|Any CPU
		{535C550B-4FB9-45E4-B4B6-6AE296F95E05}.Release|x86.Build.0 = Release|Any CPU
		{DA86C1D4-7D8B-4674-858F-59E0EBD8A9C7}.Debug|Any CPU.ActiveCfg = Debug|Any CPU
		{DA86C1D4-7D8B-4674-858F-59E0EBD8A9C7}.Debug|Any CPU.Build.0 = Debug|Any CPU
		{DA86C1D4-7D8B-4674-858F-59E0EBD8A9C7}.Debug|x64.ActiveCfg = Debug|Any CPU
		{DA86C1D4-7D8B-4674-858F-59E0EBD8A9C7}.Debug|x64.Build.0 = Debug|Any CPU
		{DA86C1D4-7D8B-4674-858F-59E0EBD8A9C7}.Debug|x86.ActiveCfg = Debug|Any CPU
		{DA86C1D4-7D8B-4674-858F-59E0EBD8A9C7}.Debug|x86.Build.0 = Debug|Any CPU
		{DA86C1D4-7D8B-4674-858F-59E0EBD8A9C7}.Release|Any CPU.ActiveCfg = Release|Any CPU
		{DA86C1D4-7D8B-4674-858F-59E0EBD8A9C7}.Release|Any CPU.Build.0 = Release|Any CPU
		{DA86C1D4-7D8B-4674-858F-59E0EBD8A9C7}.Release|x64.ActiveCfg = Release|Any CPU
		{DA86C1D4-7D8B-4674-858F-59E0EBD8A9C7}.Release|x64.Build.0 = Release|Any CPU
		{DA86C1D4-7D8B-4674-858F-59E0EBD8A9C7}.Release|x86.ActiveCfg = Release|Any CPU
		{DA86C1D4-7D8B-4674-858F-59E0EBD8A9C7}.Release|x86.Build.0 = Release|Any CPU
		{BBA51A93-5873-4156-BA67-42CDCB27FD40}.Debug|Any CPU.ActiveCfg = Debug|Any CPU
		{BBA51A93-5873-4156-BA67-42CDCB27FD40}.Debug|Any CPU.Build.0 = Debug|Any CPU
		{BBA51A93-5873-4156-BA67-42CDCB27FD40}.Debug|x64.ActiveCfg = Debug|Any CPU
		{BBA51A93-5873-4156-BA67-42CDCB27FD40}.Debug|x64.Build.0 = Debug|Any CPU
		{BBA51A93-5873-4156-BA67-42CDCB27FD40}.Debug|x86.ActiveCfg = Debug|Any CPU
		{BBA51A93-5873-4156-BA67-42CDCB27FD40}.Debug|x86.Build.0 = Debug|Any CPU
		{BBA51A93-5873-4156-BA67-42CDCB27FD40}.Release|Any CPU.ActiveCfg = Release|Any CPU
		{BBA51A93-5873-4156-BA67-42CDCB27FD40}.Release|Any CPU.Build.0 = Release|Any CPU
		{BBA51A93-5873-4156-BA67-42CDCB27FD40}.Release|x64.ActiveCfg = Release|Any CPU
		{BBA51A93-5873-4156-BA67-42CDCB27FD40}.Release|x64.Build.0 = Release|Any CPU
		{BBA51A93-5873-4156-BA67-42CDCB27FD40}.Release|x86.ActiveCfg = Release|Any CPU
		{BBA51A93-5873-4156-BA67-42CDCB27FD40}.Release|x86.Build.0 = Release|Any CPU
		{EBE9F15C-8C42-4DB7-954E-F637BACDA919}.Debug|Any CPU.ActiveCfg = Debug|Any CPU
		{EBE9F15C-8C42-4DB7-954E-F637BACDA919}.Debug|Any CPU.Build.0 = Debug|Any CPU
		{EBE9F15C-8C42-4DB7-954E-F637BACDA919}.Debug|x64.ActiveCfg = Debug|Any CPU
		{EBE9F15C-8C42-4DB7-954E-F637BACDA919}.Debug|x64.Build.0 = Debug|Any CPU
		{EBE9F15C-8C42-4DB7-954E-F637BACDA919}.Debug|x86.ActiveCfg = Debug|Any CPU
		{EBE9F15C-8C42-4DB7-954E-F637BACDA919}.Debug|x86.Build.0 = Debug|Any CPU
		{EBE9F15C-8C42-4DB7-954E-F637BACDA919}.Release|Any CPU.ActiveCfg = Release|Any CPU
		{EBE9F15C-8C42-4DB7-954E-F637BACDA919}.Release|Any CPU.Build.0 = Release|Any CPU
		{EBE9F15C-8C42-4DB7-954E-F637BACDA919}.Release|x64.ActiveCfg = Release|Any CPU
		{EBE9F15C-8C42-4DB7-954E-F637BACDA919}.Release|x64.Build.0 = Release|Any CPU
		{EBE9F15C-8C42-4DB7-954E-F637BACDA919}.Release|x86.ActiveCfg = Release|Any CPU
		{EBE9F15C-8C42-4DB7-954E-F637BACDA919}.Release|x86.Build.0 = Release|Any CPU
		{FCA50908-61FB-4A82-B40E-5AB46F0B2D00}.Debug|Any CPU.ActiveCfg = Debug|Any CPU
		{FCA50908-61FB-4A82-B40E-5AB46F0B2D00}.Debug|Any CPU.Build.0 = Debug|Any CPU
		{FCA50908-61FB-4A82-B40E-5AB46F0B2D00}.Debug|x64.ActiveCfg = Debug|Any CPU
		{FCA50908-61FB-4A82-B40E-5AB46F0B2D00}.Debug|x64.Build.0 = Debug|Any CPU
		{FCA50908-61FB-4A82-B40E-5AB46F0B2D00}.Debug|x86.ActiveCfg = Debug|Any CPU
		{FCA50908-61FB-4A82-B40E-5AB46F0B2D00}.Debug|x86.Build.0 = Debug|Any CPU
		{FCA50908-61FB-4A82-B40E-5AB46F0B2D00}.Release|Any CPU.ActiveCfg = Release|Any CPU
		{FCA50908-61FB-4A82-B40E-5AB46F0B2D00}.Release|Any CPU.Build.0 = Release|Any CPU
		{FCA50908-61FB-4A82-B40E-5AB46F0B2D00}.Release|x64.ActiveCfg = Release|Any CPU
		{FCA50908-61FB-4A82-B40E-5AB46F0B2D00}.Release|x64.Build.0 = Release|Any CPU
		{FCA50908-61FB-4A82-B40E-5AB46F0B2D00}.Release|x86.ActiveCfg = Release|Any CPU
		{FCA50908-61FB-4A82-B40E-5AB46F0B2D00}.Release|x86.Build.0 = Release|Any CPU
		{BDC43453-E48D-4536-B779-1B2EAA924D7F}.Debug|Any CPU.ActiveCfg = Debug|Any CPU
		{BDC43453-E48D-4536-B779-1B2EAA924D7F}.Debug|Any CPU.Build.0 = Debug|Any CPU
		{BDC43453-E48D-4536-B779-1B2EAA924D7F}.Debug|x64.ActiveCfg = Debug|Any CPU
		{BDC43453-E48D-4536-B779-1B2EAA924D7F}.Debug|x64.Build.0 = Debug|Any CPU
		{BDC43453-E48D-4536-B779-1B2EAA924D7F}.Debug|x86.ActiveCfg = Debug|Any CPU
		{BDC43453-E48D-4536-B779-1B2EAA924D7F}.Debug|x86.Build.0 = Debug|Any CPU
		{BDC43453-E48D-4536-B779-1B2EAA924D7F}.Release|Any CPU.ActiveCfg = Release|Any CPU
		{BDC43453-E48D-4536-B779-1B2EAA924D7F}.Release|Any CPU.Build.0 = Release|Any CPU
		{BDC43453-E48D-4536-B779-1B2EAA924D7F}.Release|x64.ActiveCfg = Release|Any CPU
		{BDC43453-E48D-4536-B779-1B2EAA924D7F}.Release|x64.Build.0 = Release|Any CPU
		{BDC43453-E48D-4536-B779-1B2EAA924D7F}.Release|x86.ActiveCfg = Release|Any CPU
		{BDC43453-E48D-4536-B779-1B2EAA924D7F}.Release|x86.Build.0 = Release|Any CPU
		{35D82E7B-44BD-108E-9A03-D98CF419E66E}.Debug|Any CPU.ActiveCfg = Debug|Any CPU
		{35D82E7B-44BD-108E-9A03-D98CF419E66E}.Debug|Any CPU.Build.0 = Debug|Any CPU
		{35D82E7B-44BD-108E-9A03-D98CF419E66E}.Debug|x64.ActiveCfg = Debug|Any CPU
		{35D82E7B-44BD-108E-9A03-D98CF419E66E}.Debug|x64.Build.0 = Debug|Any CPU
		{35D82E7B-44BD-108E-9A03-D98CF419E66E}.Debug|x86.ActiveCfg = Debug|Any CPU
		{35D82E7B-44BD-108E-9A03-D98CF419E66E}.Debug|x86.Build.0 = Debug|Any CPU
		{35D82E7B-44BD-108E-9A03-D98CF419E66E}.Release|Any CPU.ActiveCfg = Release|Any CPU
		{35D82E7B-44BD-108E-9A03-D98CF419E66E}.Release|Any CPU.Build.0 = Release|Any CPU
		{35D82E7B-44BD-108E-9A03-D98CF419E66E}.Release|x64.ActiveCfg = Release|Any CPU
		{35D82E7B-44BD-108E-9A03-D98CF419E66E}.Release|x64.Build.0 = Release|Any CPU
		{35D82E7B-44BD-108E-9A03-D98CF419E66E}.Release|x86.ActiveCfg = Release|Any CPU
		{35D82E7B-44BD-108E-9A03-D98CF419E66E}.Release|x86.Build.0 = Release|Any CPU
		{103E19A7-DF1C-4FE9-BB0A-AB4344F9D832}.Debug|Any CPU.ActiveCfg = Debug|Any CPU
		{103E19A7-DF1C-4FE9-BB0A-AB4344F9D832}.Debug|Any CPU.Build.0 = Debug|Any CPU
		{103E19A7-DF1C-4FE9-BB0A-AB4344F9D832}.Debug|x64.ActiveCfg = Debug|Any CPU
		{103E19A7-DF1C-4FE9-BB0A-AB4344F9D832}.Debug|x64.Build.0 = Debug|Any CPU
		{103E19A7-DF1C-4FE9-BB0A-AB4344F9D832}.Debug|x86.ActiveCfg = Debug|Any CPU
		{103E19A7-DF1C-4FE9-BB0A-AB4344F9D832}.Debug|x86.Build.0 = Debug|Any CPU
		{103E19A7-DF1C-4FE9-BB0A-AB4344F9D832}.Release|Any CPU.ActiveCfg = Release|Any CPU
		{103E19A7-DF1C-4FE9-BB0A-AB4344F9D832}.Release|Any CPU.Build.0 = Release|Any CPU
		{103E19A7-DF1C-4FE9-BB0A-AB4344F9D832}.Release|x64.ActiveCfg = Release|Any CPU
		{103E19A7-DF1C-4FE9-BB0A-AB4344F9D832}.Release|x64.Build.0 = Release|Any CPU
		{103E19A7-DF1C-4FE9-BB0A-AB4344F9D832}.Release|x86.ActiveCfg = Release|Any CPU
		{103E19A7-DF1C-4FE9-BB0A-AB4344F9D832}.Release|x86.Build.0 = Release|Any CPU
	EndGlobalSection
	GlobalSection(SolutionProperties) = preSolution
		HideSolutionNode = FALSE
	EndGlobalSection
	GlobalSection(NestedProjects) = preSolution
		{040CB06B-2D96-434D-9FB2-62AD5F554659} = {827E0CD3-B72D-47B6-A68D-7590B98EB39B}
		{9D7FF43C-C86F-456E-84C3-527582D229D9} = {827E0CD3-B72D-47B6-A68D-7590B98EB39B}
		{EC447DCF-ABFA-6E24-52A5-D7FD48A5C558} = {827E0CD3-B72D-47B6-A68D-7590B98EB39B}
		{30892F2A-BE71-0631-DCFF-369E0EB28C5A} = {EC447DCF-ABFA-6E24-52A5-D7FD48A5C558}
		{1EDAAA74-7FDE-4676-832F-281075D087CA} = {30892F2A-BE71-0631-DCFF-369E0EB28C5A}
		{9D19EDE8-B8A2-434E-8831-9BA39A01A5ED} = {30892F2A-BE71-0631-DCFF-369E0EB28C5A}
		{98FBD861-497B-457E-A177-B83F924FE55E} = {30892F2A-BE71-0631-DCFF-369E0EB28C5A}
		{FF08843D-E67F-5F21-4F42-4F69E9A34A9F} = {EC447DCF-ABFA-6E24-52A5-D7FD48A5C558}
		{19A7C528-0783-44F2-8CDD-E6BDAC3ED83E} = {FF08843D-E67F-5F21-4F42-4F69E9A34A9F}
		{B6C90F2A-E018-AF2F-3C7C-8D4CE61C2669} = {EC447DCF-ABFA-6E24-52A5-D7FD48A5C558}
		{535C550B-4FB9-45E4-B4B6-6AE296F95E05} = {B6C90F2A-E018-AF2F-3C7C-8D4CE61C2669}
		{DA86C1D4-7D8B-4674-858F-59E0EBD8A9C7} = {0AB3BF05-4346-4AA6-1389-037BE0695223}
		{BBA51A93-5873-4156-BA67-42CDCB27FD40} = {0AB3BF05-4346-4AA6-1389-037BE0695223}
		{EBE9F15C-8C42-4DB7-954E-F637BACDA919} = {0AB3BF05-4346-4AA6-1389-037BE0695223}
		{FCA50908-61FB-4A82-B40E-5AB46F0B2D00} = {0AB3BF05-4346-4AA6-1389-037BE0695223}
		{BDC43453-E48D-4536-B779-1B2EAA924D7F} = {827E0CD3-B72D-47B6-A68D-7590B98EB39B}
		{35D82E7B-44BD-108E-9A03-D98CF419E66E} = {0AB3BF05-4346-4AA6-1389-037BE0695223}
		{103E19A7-DF1C-4FE9-BB0A-AB4344F9D832} = {0AB3BF05-4346-4AA6-1389-037BE0695223}
	EndGlobalSection
	GlobalSection(ExtensibilityGlobals) = postSolution
		SolutionGuid = {C259BF05-8B12-4521-BEEB-3566DB0B5A41}
	EndGlobalSection
EndGlobal
